
Microsoft Visual Studio Solution File, Format Version 12.00
# Visual Studio 15
VisualStudioVersion = 15.0.28307.1738
MinimumVisualStudioVersion = 10.0.40219.1
Project("{FAE04EC0-301F-11D3-BF4B-00C04F79EFBC}") = "GenerateurXML", "Générateur XML\GenerateurXML.csproj", "{0131E1BC-136A-47C4-B006-65792D74BCC5}"
EndProject
Global
	GlobalSection(SolutionConfigurationPlatforms) = preSolution
		Debug|Any CPU = Debug|Any CPU
		Release|Any CPU = Release|Any CPU
	EndGlobalSection
	GlobalSection(ProjectConfigurationPlatforms) = postSolution
		{0131E1BC-136A-47C4-B006-65792D74BCC5}.Debug|Any CPU.ActiveCfg = Debug|Any CPU
		{0131E1BC-136A-47C4-B006-65792D74BCC5}.Debug|Any CPU.Build.0 = Debug|Any CPU
		{0131E1BC-136A-47C4-B006-65792D74BCC5}.Release|Any CPU.ActiveCfg = Release|Any CPU
		{0131E1BC-136A-47C4-B006-65792D74BCC5}.Release|Any CPU.Build.0 = Release|Any CPU
	EndGlobalSection
	GlobalSection(SolutionProperties) = preSolution
		HideSolutionNode = FALSE
	EndGlobalSection
	GlobalSection(ExtensibilityGlobals) = postSolution
		SolutionGuid = {0E217BD8-A3FB-47F4-B112-AD06AECBB0C3}
	EndGlobalSection
EndGlobal
